
Microsoft Visual Studio Solution File, Format Version 12.00
# Visual Studio 15
VisualStudioVersion = 15.0.27428.2011
MinimumVisualStudioVersion = 10.0.40219.1
Project("{FAE04EC0-301F-11D3-BF4B-00C04F79EFBC}") = "SMC.Launcher", "SMC.Launcher\SMC.Launcher.csproj", "{438581F5-0F75-4E72-B56F-30A9396CD567}"
EndProject
Project("{FAE04EC0-301F-11D3-BF4B-00C04F79EFBC}") = "SMC.SULauncher", "SMC.SULauncher\SMC.SULauncher.csproj", "{B2580A2E-C35D-4A84-8684-7C0D0EAA7C08}"
EndProject
Project("{FAE04EC0-301F-11D3-BF4B-00C04F79EFBC}") = "SMC.MC", "SMC.MC\SMC.MC.csproj", "{53F36372-BCC4-46A2-A4CF-9E188AF5B6EC}"
EndProject
Project("{2150E333-8FDC-42A3-9474-1A3956D46DE8}") = "JEM", "JEM", "{D999B50E-D72C-46BD-93A1-ECD231AEF400}"
EndProject
Project("{FAE04EC0-301F-11D3-BF4B-00C04F79EFBC}") = "JEM.Core", "..\..\..\JEM\src\JEM.Core\JEM.Core.csproj", "{367960E3-EEA6-4087-9855-7FB10D2F61B6}"
EndProject
Project("{FAE04EC0-301F-11D3-BF4B-00C04F79EFBC}") = "JEM.Downloader", "..\..\..\JEM\src\JEM.Downloader\JEM.Downloader.csproj", "{0D1ADF7F-EB7F-4332-90C8-8B99ABEC322F}"
EndProject
Global
	GlobalSection(SolutionConfigurationPlatforms) = preSolution
		Debug|Any CPU = Debug|Any CPU
		Debug|x64 = Debug|x64
		Debug|x86 = Debug|x86
		Release|Any CPU = Release|Any CPU
		Release|x64 = Release|x64
		Release|x86 = Release|x86
	EndGlobalSection
	GlobalSection(ProjectConfigurationPlatforms) = postSolution
		{438581F5-0F75-4E72-B56F-30A9396CD567}.Debug|Any CPU.ActiveCfg = Debug|Any CPU
		{438581F5-0F75-4E72-B56F-30A9396CD567}.Debug|Any CPU.Build.0 = Debug|Any CPU
		{438581F5-0F75-4E72-B56F-30A9396CD567}.Debug|x64.ActiveCfg = Debug|x64
		{438581F5-0F75-4E72-B56F-30A9396CD567}.Debug|x64.Build.0 = Debug|x64
		{438581F5-0F75-4E72-B56F-30A9396CD567}.Debug|x86.ActiveCfg = Debug|x86
		{438581F5-0F75-4E72-B56F-30A9396CD567}.Debug|x86.Build.0 = Debug|x86
		{438581F5-0F75-4E72-B56F-30A9396CD567}.Release|Any CPU.ActiveCfg = Release|Any CPU
		{438581F5-0F75-4E72-B56F-30A9396CD567}.Release|Any CPU.Build.0 = Release|Any CPU
		{438581F5-0F75-4E72-B56F-30A9396CD567}.Release|x64.ActiveCfg = Debug|x64
		{438581F5-0F75-4E72-B56F-30A9396CD567}.Release|x64.Build.0 = Debug|x64
		{438581F5-0F75-4E72-B56F-30A9396CD567}.Release|x86.ActiveCfg = Release|x86
		{438581F5-0F75-4E72-B56F-30A9396CD567}.Release|x86.Build.0 = Release|x86
		{B2580A2E-C35D-4A84-8684-7C0D0EAA7C08}.Debug|Any CPU.ActiveCfg = Debug|Any CPU
		{B2580A2E-C35D-4A84-8684-7C0D0EAA7C08}.Debug|Any CPU.Build.0 = Debug|Any CPU
		{B2580A2E-C35D-4A84-8684-7C0D0EAA7C08}.Debug|x64.ActiveCfg = Debug|x64
		{B2580A2E-C35D-4A84-8684-7C0D0EAA7C08}.Debug|x64.Build.0 = Debug|x64
		{B2580A2E-C35D-4A84-8684-7C0D0EAA7C08}.Debug|x86.ActiveCfg = Debug|x86
		{B2580A2E-C35D-4A84-8684-7C0D0EAA7C08}.Debug|x86.Build.0 = Debug|x86
		{B2580A2E-C35D-4A84-8684-7C0D0EAA7C08}.Release|Any CPU.ActiveCfg = Release|Any CPU
		{B2580A2E-C35D-4A84-8684-7C0D0EAA7C08}.Release|Any CPU.Build.0 = Release|Any CPU
		{B2580A2E-C35D-4A84-8684-7C0D0EAA7C08}.Release|x64.ActiveCfg = Debug|x64
		{B2580A2E-C35D-4A84-8684-7C0D0EAA7C08}.Release|x64.Build.0 = Debug|x64
		{B2580A2E-C35D-4A84-8684-7C0D0EAA7C08}.Release|x86.ActiveCfg = Release|x86
		{B2580A2E-C35D-4A84-8684-7C0D0EAA7C08}.Release|x86.Build.0 = Release|x86
		{53F36372-BCC4-46A2-A4CF-9E188AF5B6EC}.Debug|Any CPU.ActiveCfg = Debug|Any CPU
		{53F36372-BCC4-46A2-A4CF-9E188AF5B6EC}.Debug|Any CPU.Build.0 = Debug|Any CPU
		{53F36372-BCC4-46A2-A4CF-9E188AF5B6EC}.Debug|x64.ActiveCfg = Debug|x64
		{53F36372-BCC4-46A2-A4CF-9E188AF5B6EC}.Debug|x64.Build.0 = Debug|x64
		{53F36372-BCC4-46A2-A4CF-9E188AF5B6EC}.Debug|x86.ActiveCfg = Debug|x86
		{53F36372-BCC4-46A2-A4CF-9E188AF5B6EC}.Debug|x86.Build.0 = Debug|x86
		{53F36372-BCC4-46A2-A4CF-9E188AF5B6EC}.Release|Any CPU.ActiveCfg = Release|Any CPU
		{53F36372-BCC4-46A2-A4CF-9E188AF5B6EC}.Release|Any CPU.Build.0 = Release|Any CPU
		{53F36372-BCC4-46A2-A4CF-9E188AF5B6EC}.Release|x64.ActiveCfg = Debug|x64
		{53F36372-BCC4-46A2-A4CF-9E188AF5B6EC}.Release|x64.Build.0 = Debug|x64
		{53F36372-BCC4-46A2-A4CF-9E188AF5B6EC}.Release|x86.ActiveCfg = Release|x86
		{53F36372-BCC4-46A2-A4CF-9E188AF5B6EC}.Release|x86.Build.0 = Release|x86
		{367960E3-EEA6-4087-9855-7FB10D2F61B6}.Debug|Any CPU.ActiveCfg = Debug|Any CPU
		{367960E3-EEA6-4087-9855-7FB10D2F61B6}.Debug|Any CPU.Build.0 = Debug|Any CPU
		{367960E3-EEA6-4087-9855-7FB10D2F61B6}.Debug|x64.ActiveCfg = Debug|x64
		{367960E3-EEA6-4087-9855-7FB10D2F61B6}.Debug|x64.Build.0 = Debug|x64
		{367960E3-EEA6-4087-9855-7FB10D2F61B6}.Debug|x86.ActiveCfg = Debug|x86
		{367960E3-EEA6-4087-9855-7FB10D2F61B6}.Debug|x86.Build.0 = Debug|x86
		{367960E3-EEA6-4087-9855-7FB10D2F61B6}.Release|Any CPU.ActiveCfg = Release|Any CPU
		{367960E3-EEA6-4087-9855-7FB10D2F61B6}.Release|Any CPU.Build.0 = Release|Any CPU
		{367960E3-EEA6-4087-9855-7FB10D2F61B6}.Release|x64.ActiveCfg = Debug|x64
		{367960E3-EEA6-4087-9855-7FB10D2F61B6}.Release|x64.Build.0 = Debug|x64
		{367960E3-EEA6-4087-9855-7FB10D2F61B6}.Release|x86.ActiveCfg = Release|x86
		{367960E3-EEA6-4087-9855-7FB10D2F61B6}.Release|x86.Build.0 = Release|x86
		{0D1ADF7F-EB7F-4332-90C8-8B99ABEC322F}.Debug|Any CPU.ActiveCfg = Debug|Any CPU
		{0D1ADF7F-EB7F-4332-90C8-8B99ABEC322F}.Debug|Any CPU.Build.0 = Debug|Any CPU
		{0D1ADF7F-EB7F-4332-90C8-8B99ABEC322F}.Debug|x64.ActiveCfg = Debug|x64
		{0D1ADF7F-EB7F-4332-90C8-8B99ABEC322F}.Debug|x64.Build.0 = Debug|x64
		{0D1ADF7F-EB7F-4332-90C8-8B99ABEC322F}.Debug|x86.ActiveCfg = Debug|x86
		{0D1ADF7F-EB7F-4332-90C8-8B99ABEC322F}.Debug|x86.Build.0 = Debug|x86
		{0D1ADF7F-EB7F-4332-90C8-8B99ABEC322F}.Release|Any CPU.ActiveCfg = Release|Any CPU
		{0D1ADF7F-EB7F-4332-90C8-8B99ABEC322F}.Release|Any CPU.Build.0 = Release|Any CPU
		{0D1ADF7F-EB7F-4332-90C8-8B99ABEC322F}.Release|x64.ActiveCfg = Debug|x64
		{0D1ADF7F-EB7F-4332-90C8-8B99ABEC322F}.Release|x64.Build.0 = Debug|x64
		{0D1ADF7F-EB7F-4332-90C8-8B99ABEC322F}.Release|x86.ActiveCfg = Release|x86
		{0D1ADF7F-EB7F-4332-90C8-8B99ABEC322F}.Release|x86.Build.0 = Release|x86
	EndGlobalSection
	GlobalSection(SolutionProperties) = preSolution
		HideSolutionNode = FALSE
	EndGlobalSection
	GlobalSection(NestedProjects) = preSolution
		{367960E3-EEA6-4087-9855-7FB10D2F61B6} = {D999B50E-D72C-46BD-93A1-ECD231AEF400}
		{0D1ADF7F-EB7F-4332-90C8-8B99ABEC322F} = {D999B50E-D72C-46BD-93A1-ECD231AEF400}
	EndGlobalSection
	GlobalSection(ExtensibilityGlobals) = postSolution
		SolutionGuid = {8D024366-1299-4FCE-9A1E-C415405700F0}
	EndGlobalSection
EndGlobal
